<?xml version="1.0" encoding="utf-8"?>
<Project ToolsVersion="4.0" xmlns="http://schemas.microsoft.com/developer/msbuild/2003">
  <ItemGroup>
    <Filter Include="H">
      <UniqueIdentifier>{93995380-89BD-4b04-88EB-625FBE52EBFB}</UniqueIdentifier>
      <Extensions>h;hpp;hxx;hm;inl;inc;xsd</Extensions>
    </Filter>
    <Filter Include="C">
      <UniqueIdentifier>{4FC737F1-C7A5-4376-A066-2A32D752A2FF}</UniqueIdentifier>
      <Extensions>cpp;c;cc;cxx;def;odl;idl;hpj;bat;asm;asmx</Extensions>
    </Filter>
  </ItemGroup>
  <ItemGroup>
    <ClCompile Include="alloc.c">
      <Filter>C</Filter>
    </ClCompile>
    <ClCompile Include="io.c">
      <Filter>C</Filter>
    </ClCompile>
    <ClCompile Include="lzo1.c">
      <Filter>C</Filter>
    </ClCompile>
    <ClCompile Include="lzo1_99.c">
      <Filter>C</Filter>
    </ClCompile>
    <ClCompile Include="lzo1a.c">
      <Filter>C</Filter>
    </ClCompile>
    <ClCompile Include="lzo1a_99.c">
      <Filter>C</Filter>
    </ClCompile>
    <ClCompile Include="lzo1b_1.c">
      <Filter>C</Filter>
    </ClCompile>
    <ClCompile Include="lzo1b_2.c">
      <Filter>C</Filter>
    </ClCompile>
    <ClCompile Include="lzo1b_3.c">
      <Filter>C</Filter>
    </ClCompile>
    <ClCompile Include="lzo1b_4.c">
      <Filter>C</Filter>
    </ClCompile>
    <ClCompile Include="lzo1b_5.c">
      <Filter>C</Filter>
    </ClCompile>
    <ClCompile Include="lzo1b_6.c">
      <Filter>C</Filter>
    </ClCompile>
    <ClCompile Include="lzo1b_7.c">
      <Filter>C</Filter>
    </ClCompile>
    <ClCompile Include="lzo1b_8.c">
      <Filter>C</Filter>
    </ClCompile>
    <ClCompile Include="lzo1b_9.c">
      <Filter>C</Filter>
    </ClCompile>
    <ClCompile Include="lzo1b_99.c">
      <Filter>C</Filter>
    </ClCompile>
    <ClCompile Include="lzo1b_9x.c">
      <Filter>C</Filter>
    </ClCompile>
    <ClCompile Include="lzo1b_cc.c">
      <Filter>C</Filter>
    </ClCompile>
    <ClCompile Include="lzo1b_d1.c">
      <Filter>C</Filter>
    </ClCompile>
    <ClCompile Include="lzo1b_d2.c">
      <Filter>C</Filter>
    </ClCompile>
    <ClCompile Include="lzo1b_rr.c">
      <Filter>C</Filter>
    </ClCompile>
    <ClCompile Include="lzo1b_xx.c">
      <Filter>C</Filter>
    </ClCompile>
    <ClCompile Include="lzo1c_1.c">
      <Filter>C</Filter>
    </ClCompile>
    <ClCompile Include="lzo1c_2.c">
      <Filter>C</Filter>
    </ClCompile>
    <ClCompile Include="lzo1c_3.c">
      <Filter>C</Filter>
    </ClCompile>
    <ClCompile Include="lzo1c_4.c">
      <Filter>C</Filter>
    </ClCompile>
    <ClCompile Include="lzo1c_5.c">
      <Filter>C</Filter>
    </ClCompile>
    <ClCompile Include="lzo1c_6.c">
      <Filter>C</Filter>
    </ClCompile>
    <ClCompile Include="lzo1c_7.c">
      <Filter>C</Filter>
    </ClCompile>
    <ClCompile Include="lzo1c_8.c">
      <Filter>C</Filter>
    </ClCompile>
    <ClCompile Include="lzo1c_9.c">
      <Filter>C</Filter>
    </ClCompile>
    <ClCompile Include="lzo1c_99.c">
      <Filter>C</Filter>
    </ClCompile>
    <ClCompile Include="lzo1c_9x.c">
      <Filter>C</Filter>
    </ClCompile>
    <ClCompile Include="lzo1c_cc.c">
      <Filter>C</Filter>
    </ClCompile>
    <ClCompile Include="lzo1c_d1.c">
      <Filter>C</Filter>
    </ClCompile>
    <ClCompile Include="lzo1c_d2.c">
      <Filter>C</Filter>
    </ClCompile>
    <ClCompile Include="lzo1c_rr.c">
      <Filter>C</Filter>
    </ClCompile>
    <ClCompile Include="lzo1c_xx.c">
      <Filter>C</Filter>
    </ClCompile>
    <ClCompile Include="lzo1f_1.c">
      <Filter>C</Filter>
    </ClCompile>
    <ClCompile Include="lzo1f_9x.c">
      <Filter>C</Filter>
    </ClCompile>
    <ClCompile Include="lzo1f_d1.c">
      <Filter>C</Filter>
    </ClCompile>
    <ClCompile Include="lzo1f_d2.c">
      <Filter>C</Filter>
    </ClCompile>
    <ClCompile Include="lzo1x_1.c">
      <Filter>C</Filter>
    </ClCompile>
    <ClCompile Include="lzo1x_1k.c">
      <Filter>C</Filter>
    </ClCompile>
    <ClCompile Include="lzo1x_1l.c">
      <Filter>C</Filter>
    </ClCompile>
    <ClCompile Include="lzo1x_1o.c">
      <Filter>C</Filter>
    </ClCompile>
    <ClCompile Include="lzo1x_9x.c">
      <Filter>C</Filter>
    </ClCompile>
    <ClCompile Include="lzo1x_d1.c">
      <Filter>C</Filter>
    </ClCompile>
    <ClCompile Include="lzo1x_d2.c">
      <Filter>C</Filter>
    </ClCompile>
    <ClCompile Include="lzo1x_d3.c">
      <Filter>C</Filter>
    </ClCompile>
    <ClCompile Include="lzo1x_o.c">
      <Filter>C</Filter>
    </ClCompile>
    <ClCompile Include="lzo1y_1.c">
      <Filter>C</Filter>
    </ClCompile>
    <ClCompile Include="lzo1y_9x.c">
      <Filter>C</Filter>
    </ClCompile>
    <ClCompile Include="lzo1y_d1.c">
      <Filter>C</Filter>
    </ClCompile>
    <ClCompile Include="lzo1y_d2.c">
      <Filter>C</Filter>
    </ClCompile>
    <ClCompile Include="lzo1y_d3.c">
      <Filter>C</Filter>
    </ClCompile>
    <ClCompile Include="lzo1y_o.c">
      <Filter>C</Filter>
    </ClCompile>
    <ClCompile Include="lzo1z_9x.c">
      <Filter>C</Filter>
    </ClCompile>
    <ClCompile Include="lzo1z_d1.c">
      <Filter>C</Filter>
    </ClCompile>
    <ClCompile Include="lzo1z_d2.c">
      <Filter>C</Filter>
    </ClCompile>
    <ClCompile Include="lzo1z_d3.c">
      <Filter>C</Filter>
    </ClCompile>
    <ClCompile Include="lzo2a_9x.c">
      <Filter>C</Filter>
    </ClCompile>
    <ClCompile Include="lzo2a_d1.c">
      <Filter>C</Filter>
    </ClCompile>
    <ClCompile Include="lzo2a_d2.c">
      <Filter>C</Filter>
    </ClCompile>
    <ClCompile Include="lzo_crc.c">
      <Filter>C</Filter>
    </ClCompile>
    <ClCompile Include="lzo_dll.c">
      <Filter>C</Filter>
    </ClCompile>
    <ClCompile Include="lzo_init.c">
      <Filter>C</Filter>
    </ClCompile>
    <ClCompile Include="lzo_ptr.c">
      <Filter>C</Filter>
    </ClCompile>
    <ClCompile Include="lzo_str.c">
      <Filter>C</Filter>
    </ClCompile>
    <ClCompile Include="lzo_util.c">
      <Filter>C</Filter>
    </ClCompile>
    <ClCompile Include="stdafx.cpp">
      <Filter>C</Filter>
    </ClCompile>
  </ItemGroup>
  <ItemGroup>
    <ClInclude Include="compr1b.h">
      <Filter>H</Filter>
    </ClInclude>
    <ClInclude Include="compr1c.h">
      <Filter>H</Filter>
    </ClInclude>
    <ClInclude Include="config1.h">
      <Filter>H</Filter>
    </ClInclude>
    <ClInclude Include="config1a.h">
      <Filter>H</Filter>
    </ClInclude>
    <ClInclude Include="config1b.h">
      <Filter>H</Filter>
    </ClInclude>
    <ClInclude Include="config1c.h">
      <Filter>H</Filter>
    </ClInclude>
    <ClInclude Include="config1f.h">
      <Filter>H</Filter>
    </ClInclude>
    <ClInclude Include="config1x.h">
      <Filter>H</Filter>
    </ClInclude>
    <ClInclude Include="config1y.h">
      <Filter>H</Filter>
    </ClInclude>
    <ClInclude Include="config1z.h">
      <Filter>H</Filter>
    </ClInclude>
    <ClInclude Include="config2a.h">
      <Filter>H</Filter>
    </ClInclude>
    <ClInclude Include="fake16.h">
      <Filter>H</Filter>
    </ClInclude>
    <ClInclude Include="lzo1.h">
      <Filter>H</Filter>
    </ClInclude>
    <ClInclude Include="lzo16bit.h">
      <Filter>H</Filter>
    </ClInclude>
    <ClInclude Include="lzo1a.h">
      <Filter>H</Filter>
    </ClInclude>
    <ClInclude Include="lzo1a_de.h">
      <Filter>H</Filter>
    </ClInclude>
    <ClInclude Include="lzo1b.h">
      <Filter>H</Filter>
    </ClInclude>
    <ClInclude Include="lzo1b_cc.h">
      <Filter>H</Filter>
    </ClInclude>
    <ClInclude Include="lzo1b_de.h">
      <Filter>H</Filter>
    </ClInclude>
    <ClInclude Include="lzo1c.h">
      <Filter>H</Filter>
    </ClInclude>
    <ClInclude Include="lzo1c_cc.h">
      <Filter>H</Filter>
    </ClInclude>
    <ClInclude Include="lzo1f.h">
      <Filter>H</Filter>
    </ClInclude>
    <ClInclude Include="lzo1x.h">
      <Filter>H</Filter>
    </ClInclude>
    <ClInclude Include="lzo1y.h">
      <Filter>H</Filter>
    </ClInclude>
    <ClInclude Include="lzo1z.h">
      <Filter>H</Filter>
    </ClInclude>
    <ClInclude Include="lzo2a.h">
      <Filter>H</Filter>
    </ClInclude>
    <ClInclude Include="lzo_conf.h">
      <Filter>H</Filter>
    </ClInclude>
    <ClInclude Include="lzo_dict.h">
      <Filter>H</Filter>
    </ClInclude>
    <ClInclude Include="lzo_ptr.h">
      <Filter>H</Filter>
    </ClInclude>
    <ClInclude Include="lzo_util.h">
      <Filter>H</Filter>
    </ClInclude>
    <ClInclude Include="lzoconf.h">
      <Filter>H</Filter>
    </ClInclude>
    <ClInclude Include="lzoutil.h">
      <Filter>H</Filter>
    </ClInclude>
    <ClInclude Include="stats1a.h">
      <Filter>H</Filter>
    </ClInclude>
    <ClInclude Include="stats1b.h">
      <Filter>H</Filter>
    </ClInclude>
    <ClInclude Include="stats1c.h">
      <Filter>H</Filter>
    </ClInclude>
    <ClInclude Include="stdafx.h">
      <Filter>H</Filter>
    </ClInclude>
    <ClInclude Include="targetver.h">
      <Filter>H</Filter>
    </ClInclude>
  </ItemGroup>
</Project>